// !$*UTF8*$!
{
	archiveVersion = 1;
	classes = {
	};
	objectVersion = 50;
	objects = {

/* Begin PBXBuildFile section */
		9B6A7ED42412840100D04EDC /* AppDelegate.swift in Sources */ = {isa = PBXBuildFile; fileRef = 9B6A7ED32412840100D04EDC /* AppDelegate.swift */; };
		9B6A7ED62412840100D04EDC /* SceneDelegate.swift in Sources */ = {isa = PBXBuildFile; fileRef = 9B6A7ED52412840100D04EDC /* SceneDelegate.swift */; };
		9B6A7ED82412840100D04EDC /* ViewController.swift in Sources */ = {isa = PBXBuildFile; fileRef = 9B6A7ED72412840100D04EDC /* ViewController.swift */; };
		9B6A7EDB2412840100D04EDC /* Main.storyboard in Resources */ = {isa = PBXBuildFile; fileRef = 9B6A7ED92412840100D04EDC /* Main.storyboard */; };
		9B6A7EDD2412840200D04EDC /* Assets.xcassets in Resources */ = {isa = PBXBuildFile; fileRef = 9B6A7EDC2412840200D04EDC /* Assets.xcassets */; };
		9B6A7EE02412840200D04EDC /* LaunchScreen.storyboard in Resources */ = {isa = PBXBuildFile; fileRef = 9B6A7EDE2412840200D04EDC /* LaunchScreen.storyboard */; };
		9B6A7EEA2412B37800D04EDC /* rental.swift in Sources */ = {isa = PBXBuildFile; fileRef = 9B6A7EE92412B37800D04EDC /* rental.swift */; };
/* End PBXBuildFile section */

/* Begin PBXFileReference section */
		9B6A7ED02412840100D04EDC /* car_rental.app */ = {isa = PBXFileReference; explicitFileType = wrapper.application; includeInIndex = 0; path = car_rental.app; sourceTree = BUILT_PRODUCTS_DIR; };
		9B6A7ED32412840100D04EDC /* AppDelegate.swift */ = {isa = PBXFileReference; lastKnownFileType = sourcecode.swift; path = AppDelegate.swift; sourceTree = "<group>"; };
		9B6A7ED52412840100D04EDC /* SceneDelegate.swift */ = {isa = PBXFileReference; lastKnownFileType = sourcecode.swift; path = SceneDelegate.swift; sourceTree = "<group>"; };
		9B6A7ED72412840100D04EDC /* ViewController.swift */ = {isa = PBXFileReference; lastKnownFileType = sourcecode.swift; path = ViewController.swift; sourceTree = "<group>"; };
		9B6A7EDA2412840100D04EDC /* Base */ = {isa = PBXFileReference; lastKnownFileType = file.storyboard; name = Base; path = Base.lproj/Main.storyboard; sourceTree = "<group>"; };
		9B6A7EDC2412840200D04EDC /* Assets.xcassets */ = {isa = PBXFileReference; lastKnownFileType = folder.assetcatalog; path = Assets.xcassets; sourceTree = "<group>"; };
		9B6A7EDF2412840200D04EDC /* Base */ = {isa = PBXFileReference; lastKnownFileType = file.storyboard; name = Base; path = Base.lproj/LaunchScreen.storyboard; sourceTree = "<group>"; };
		9B6A7EE12412840200D04EDC /* Info.plist */ = {isa = PBXFileReference; lastKnownFileType = text.plist.xml; path = Info.plist; sourceTree = "<group>"; };
		9B6A7EE92412B37800D04EDC /* rental.swift */ = {isa = PBXFileReference; lastKnownFileType = sourcecode.swift; path = rental.swift; sourceTree = "<group>"; };
/* End PBXFileReference section */

/* Begin PBXFrameworksBuildPhase section */
		9B6A7ECD2412840100D04EDC /* Frameworks */ = {
			isa = PBXFrameworksBuildPhase;
			buildActionMask = 2147483647;
			files = (
			);
			runOnlyForDeploymentPostprocessing = 0;
		};
/* End PBXFrameworksBuildPhase section */

/* Begin PBXGroup section */
		9B6A7EC72412840100D04EDC = {
			isa = PBXGroup;
			children = (
				9B6A7ED22412840100D04EDC /* car_rental */,
				9B6A7ED12412840100D04EDC /* Products */,
			);
			sourceTree = "<group>";
		};
		9B6A7ED12412840100D04EDC /* Products */ = {
			isa = PBXGroup;
			children = (
				9B6A7ED02412840100D04EDC /* car_rental.app */,
			);
			name = Products;
			sourceTree = "<group>";
		};
		9B6A7ED22412840100D04EDC /* car_rental */ = {
			isa = PBXGroup;
			children = (
				9B6A7ED32412840100D04EDC /* AppDelegate.swift */,
				9B6A7ED52412840100D04EDC /* SceneDelegate.swift */,
				9B6A7ED72412840100D04EDC /* ViewController.swift */,
				9B6A7ED92412840100D04EDC /* Main.storyboard */,
				9B6A7EDC2412840200D04EDC /* Assets.xcassets */,
				9B6A7EDE2412840200D04EDC /* LaunchScreen.storyboard */,
				9B6A7EE12412840200D04EDC /* Info.plist */,
				9B6A7EE92412B37800D04EDC /* rental.swift */,
			);
			path = car_rental;
			sourceTree = "<group>";
		};
/* End PBXGroup section */

/* Begin PBXNativeTarget section */
		9B6A7ECF2412840100D04EDC /* car_rental */ = {
			isa = PBXNativeTarget;
			buildConfigurationList = 9B6A7EE42412840200D04EDC /* Build configuration list for PBXNativeTarget "car_rental" */;
			buildPhases = (
				9B6A7ECC2412840100D04EDC /* Sources */,
				9B6A7ECD2412840100D04EDC /* Frameworks */,
				9B6A7ECE2412840100D04EDC /* Resources */,
			);
			buildRules = (
			);
			dependencies = (
			);
			name = car_rental;
			productName = car_rental;
			productReference = 9B6A7ED02412840100D04EDC /* car_rental.app */;
			productType = "com.apple.product-type.application";
		};
/* End PBXNativeTarget section */

/* Begin PBXProject section */
		9B6A7EC82412840100D04EDC /* Project object */ = {
			isa = PBXProject;
			attributes = {
				LastSwiftUpdateCheck = 1130;
				LastUpgradeCheck = 1130;
				ORGANIZATIONNAME = MacStudent;
				TargetAttributes = {
					9B6A7ECF2412840100D04EDC = {
						CreatedOnToolsVersion = 11.3;
					};
				};
			};
			buildConfigurationList = 9B6A7ECB2412840100D04EDC /* Build configuration list for PBXProject "car_rental" */;
			compatibilityVersion = "Xcode 9.3";
			developmentRegion = en;
			hasScannedForEncodings = 0;
			knownRegions = (
				en,
				Base,
			);
			mainGroup = 9B6A7EC72412840100D04EDC;
			productRefGroup = 9B6A7ED12412840100D04EDC /* Products */;
			projectDirPath = "";
			projectRoot = "";
			targets = (
				9B6A7ECF2412840100D04EDC /* car_rental */,
			);
		};
/* End PBXProject section */

/* Begin PBXResourcesBuildPhase section */
		9B6A7ECE2412840100D04EDC /* Resources */ = {
			isa = PBXResourcesBuildPhase;
			buildActionMask = 2147483647;
			files = (
				9B6A7EE02412840200D04EDC /* LaunchScreen.storyboard in Resources */,
				9B6A7EDD2412840200D04EDC /* Assets.xcassets in Resources */,
				9B6A7EDB2412840100D04EDC /* Main.storyboard in Resources */,
			);
			runOnlyForDeploymentPostprocessing = 0;
		};
/* End PBXResourcesBuildPhase section */

/* Begin PBXSourcesBuildPhase section */
		9B6A7ECC2412840100D04EDC /* Sources */ = {
			isa = PBXSourcesBuildPhase;
			buildActionMask = 2147483647;
			files = (
				9B6A7ED82412840100D04EDC /* ViewController.swift in Sources */,
				9B6A7EEA2412B37800D04EDC /* rental.swift in Sources */,
				9B6A7ED42412840100D04EDC /* AppDelegate.swift in Sources */,
				9B6A7ED62412840100D04EDC /* SceneDelegate.swift in Sources */,
			);
			runOnlyForDeploymentPostprocessing = 0;
		};
/* End PBXSourcesBuildPhase section */

/* Begin PBXVariantGroup section */
		9B6A7ED92412840100D04EDC /* Main.storyboard */ = {
			isa = PBXVariantGroup;
			children = (
				9B6A7EDA2412840100D04EDC /* Base */,
			);
			name = Main.storyboard;
			sourceTree = "<group>";
		};
		9B6A7EDE2412840200D04EDC /* LaunchScreen.storyboard */ = {
			isa = PBXVariantGroup;
			children = (
				9B6A7EDF2412840200D04EDC /* Base */,
			);
			name = LaunchScreen.storyboard;
			sourceTree = "<group>";
		};
/* End PBXVariantGroup section */

/* Begin XCBuildConfiguration section */
		9B6A7EE22412840200D04EDC /* Debug */ = {
			isa = XCBuildConfiguration;
			buildSettings = {
				ALWAYS_SEARCH_USER_PATHS = NO;
				CLANG_ANALYZER_NONNULL = YES;
				CLANG_ANALYZER_NUMBER_OBJECT_CONVERSION = YES_AGGRESSIVE;
				CLANG_CXX_LANGUAGE_STANDARD = "gnu++14";
				CLANG_CXX_LIBRARY = "libc++";
				CLANG_ENABLE_MODULES = YES;
				CLANG_ENABLE_OBJC_ARC = YES;
				CLANG_ENABLE_OBJC_WEAK = YES;
				CLANG_WARN_BLOCK_CAPTURE_AUTORELEASING = YES;
				CLANG_WARN_BOOL_CONVERSION = YES;
				CLANG_WARN_COMMA = YES;
				CLANG_WARN_CONSTANT_CONVERSION = YES;
				CLANG_WARN_DEPRECATED_OBJC_IMPLEMENTATIONS = YES;
				CLANG_WARN_DIRECT_OBJC_ISA_USAGE = YES_ERROR;
				CLANG_WARN_DOCUMENTATION_COMMENTS = YES;
				CLANG_WARN_EMPTY_BODY = YES;
				CLANG_WARN_ENUM_CONVERSION = YES;
				CLANG_WARN_INFINITE_RECURSION = YES;
				CLANG_WARN_INT_CONVERSION = YES;
				CLANG_WARN_NON_LITERAL_NULL_CONVERSION = YES;
				CLANG_WARN_OBJC_IMPLICIT_RETAIN_SELF = YES;
				CLANG_WARN_OBJC_LITERAL_CONVERSION = YES;
				CLANG_WARN_OBJC_ROOT_CLASS = YES_ERROR;
				CLANG_WARN_RANGE_LOOP_ANALYSIS = YES;
				CLANG_WARN_STRICT_PROTOTYPES = YES;
				CLANG_WARN_SUSPICIOUS_MOVE = YES;
				CLANG_WARN_UNGUARDED_AVAILABILITY = YES_AGGRESSIVE;
				CLANG_WARN_UNREACHABLE_CODE = YES;
				CLANG_WARN__DUPLICATE_METHOD_MATCH = YES;
				COPY_PHASE_STRIP = NO;
				DEBUG_INFORMATION_FORMAT = dwarf;
				ENABLE_STRICT_OBJC_MSGSEND = YES;
				ENABLE_TESTABILITY = YES;
				GCC_C_LANGUAGE_STANDARD = gnu11;
				GCC_DYNAMIC_NO_PIC = NO;
				GCC_NO_COMMON_BLOCKS = YES;
				GCC_OPTIMIZATION_LEVEL = 0;
				GCC_PREPROCESSOR_DEFINITIONS = (
					"DEBUG=1",
					"$(inherited)",
				);
				GCC_WARN_64_TO_32_BIT_CONVERSION = YES;
				GCC_WARN_ABOUT_RETURN_TYPE = YES_ERROR;
				GCC_WARN_UNDECLARED_SELECTOR = YES;
				GCC_WARN_UNINITIALIZED_AUTOS = YES_AGGRESSIVE;
				GCC_WARN_UNUSED_FUNCTION = YES;
				GCC_WARN_UNUSED_VARIABLE = YES;
				IPHONEOS_DEPLOYMENT_TARGET = 13.2;
				MTL_ENABLE_DEBUG_INFO = INCLUDE_SOURCE;
				MTL_FAST_MATH = YES;
				ONLY_ACTIVE_ARCH = YES;
				SDKROOT = iphoneos;
				SWIFT_ACTIVE_COMPILATION_CONDITIONS = DEBUG;
				SWIFT_OPTIMIZATION_LEVEL = "-Onone";
			};
			name = Debug;
		};
		9B6A7EE32412840200D04EDC /* Release */ = {
			isa = XCBuildConfiguration;
			buildSettings = {
				ALWAYS_SEARCH_USER_PATHS = NO;
				CLANG_ANALYZER_NONNULL = YES;
				CLANG_ANALYZER_NUMBER_OBJECT_CONVERSION = YES_AGGRESSIVE;
				CLANG_CXX_LANGUAGE_STANDARD = "gnu++14";
				CLANG_CXX_LIBRARY = "libc++";
				CLANG_ENABLE_MODULES = YES;
				CLANG_ENABLE_OBJC_ARC = YES;
				CLANG_ENABLE_OBJC_WEAK = YES;
				CLANG_WARN_BLOCK_CAPTURE_AUTORELEASING = YES;
				CLANG_WARN_BOOL_CONVERSION = YES;
				CLANG_WARN_COMMA = YES;
				CLANG_WARN_CONSTANT_CONVERSION = YES;
				CLANG_WARN_DEPRECATED_OBJC_IMPLEMENTATIONS = YES;
				CLANG_WARN_DIRECT_OBJC_ISA_USAGE = YES_ERROR;
				CLANG_WARN_DOCUMENTATION_COMMENTS = YES;
				CLANG_WARN_EMPTY_BODY = YES;
				CLANG_WARN_ENUM_CONVERSION = YES;
				CLANG_WARN_INFINITE_RECURSION = YES;
				CLANG_WARN_INT_CONVERSION = YES;
				CLANG_WARN_NON_LITERAL_NULL_CONVERSION = YES;
				CLANG_WARN_OBJC_IMPLICIT_RETAIN_SELF = YES;
				CLANG_WARN_OBJC_LITERAL_CONVERSION = YES;
				CLANG_WARN_OBJC_ROOT_CLASS = YES_ERROR;
				CLANG_WARN_RANGE_LOOP_ANALYSIS = YES;
				CLANG_WARN_STRICT_PROTOTYPES = YES;
				CLANG_WARN_SUSPICIOUS_MOVE = YES;
				CLANG_WARN_UNGUARDED_AVAILABILITY = YES_AGGRESSIVE;
				CLANG_WARN_UNREACHABLE_CODE = YES;
				CLANG_WARN__DUPLICATE_METHOD_MATCH = YES;
				COPY_PHASE_STRIP = NO;
				DEBUG_INFORMATION_FORMAT = "dwarf-with-dsym";
				ENABLE_NS_ASSERTIONS = NO;
				ENABLE_STRICT_OBJC_MSGSEND = YES;
				GCC_C_LANGUAGE_STANDARD = gnu11;
				GCC_NO_COMMON_BLOCKS = YES;
				GCC_WARN_64_TO_32_BIT_CONVERSION = YES;
				GCC_WARN_ABOUT_RETURN_TYPE = YES_ERROR;
				GCC_WARN_UNDECLARED_SELECTOR = YES;
				GCC_WARN_UNINITIALIZED_AUTOS = YES_AGGRESSIVE;
				GCC_WARN_UNUSED_FUNCTION = YES;
				GCC_WARN_UNUSED_VARIABLE = YES;
				IPHONEOS_DEPLOYMENT_TARGET = 13.2;
				MTL_ENABLE_DEBUG_INFO = NO;
				MTL_FAST_MATH = YES;
				SDKROOT = iphoneos;
				SWIFT_COMPILATION_MODE = wholemodule;
				SWIFT_OPTIMIZATION_LEVEL = "-O";
				VALIDATE_PRODUCT = YES;
			};
			name = Release;
		};
		9B6A7EE52412840200D04EDC /* Debug */ = {
			isa = XCBuildConfiguration;
			buildSettings = {
				ASSETCATALOG_COMPILER_APPICON_NAME = AppIcon;
				CODE_SIGN_STYLE = Automatic;
				INFOPLIST_FILE = car_rental/Info.plist;
				LD_RUNPATH_SEARCH_PATHS = (
					"$(inherited)",
					"@executable_path/Frameworks",
				);
				PRODUCT_BUNDLE_IDENTIFIER = "CestarCollege.car-rental";
				PRODUCT_NAME = "$(TARGET_NAME)";
				SWIFT_VERSION = 5.0;
				TARGETED_DEVICE_FAMILY = "1,2";
			};
			name = Debug;
		};
		9B6A7EE62412840200D04EDC /* Release */ = {
			isa = XCBuildConfiguration;
			buildSettings = {
				ASSETCATALOG_COMPILER_APPICON_NAME = AppIcon;
				CODE_SIGN_STYLE = Automatic;
				INFOPLIST_FILE = car_rental/Info.plist;
				LD_RUNPATH_SEARCH_PATHS = (
					"$(inherited)",
					"@executable_path/Frameworks",
				);
				PRODUCT_BUNDLE_IDENTIFIER = "CestarCollege.car-rental";
				PRODUCT_NAME = "$(TARGET_NAME)";
				SWIFT_VERSION = 5.0;
				TARGETED_DEVICE_FAMILY = "1,2";
			};
			name = Release;
		};
/* End XCBuildConfiguration section */

/* Begin XCConfigurationList section */
		9B6A7ECB2412840100D04EDC /* Build configuration list for PBXProject "car_rental" */ = {
			isa = XCConfigurationList;
			buildConfigurations = (
				9B6A7EE22412840200D04EDC /* Debug */,
				9B6A7EE32412840200D04EDC /* Release */,
			);
			defaultConfigurationIsVisible = 0;
			defaultConfigurationName = Release;
		};
		9B6A7EE42412840200D04EDC /* Build configuration list for PBXNativeTarget "car_rental" */ = {
			isa = XCConfigurationList;
			buildConfigurations = (
				9B6A7EE52412840200D04EDC /* Debug */,
				9B6A7EE62412840200D04EDC /* Release */,
			);
			defaultConfigurationIsVisible = 0;
			defaultConfigurationName = Release;
		};
/* End XCConfigurationList section */
	};
	rootObject = 9B6A7EC82412840100D04EDC /* Project object */;
}
