// !$*UTF8*$!
{
	archiveVersion = 1;
	classes = {
	};
	objectVersion = 50;
	objects = {

/* Begin PBXBuildFile section */
		9B40AAE1241A64D000E79A52 /* AppDelegate.swift in Sources */ = {isa = PBXBuildFile; fileRef = 9B40AAE0241A64D000E79A52 /* AppDelegate.swift */; };
		9B40AAE3241A64D000E79A52 /* SceneDelegate.swift in Sources */ = {isa = PBXBuildFile; fileRef = 9B40AAE2241A64D000E79A52 /* SceneDelegate.swift */; };
		9B40AAE8241A64D000E79A52 /* Main.storyboard in Resources */ = {isa = PBXBuildFile; fileRef = 9B40AAE6241A64D000E79A52 /* Main.storyboard */; };
		9B40AAEA241A64D200E79A52 /* Assets.xcassets in Resources */ = {isa = PBXBuildFile; fileRef = 9B40AAE9241A64D200E79A52 /* Assets.xcassets */; };
		9B40AAED241A64D200E79A52 /* LaunchScreen.storyboard in Resources */ = {isa = PBXBuildFile; fileRef = 9B40AAEB241A64D200E79A52 /* LaunchScreen.storyboard */; };
		9B40AAF9241A8D6200E79A52 /* ViewController.swift in Sources */ = {isa = PBXBuildFile; fileRef = 9B40AAF8241A8D6200E79A52 /* ViewController.swift */; };
		9B40AB03241A92DF00E79A52 /* download.png in Resources */ = {isa = PBXBuildFile; fileRef = 9B40AB02241A92DF00E79A52 /* download.png */; };
/* End PBXBuildFile section */

/* Begin PBXFileReference section */
		9B40AADD241A64D000E79A52 /* touristplaces.app */ = {isa = PBXFileReference; explicitFileType = wrapper.application; includeInIndex = 0; path = touristplaces.app; sourceTree = BUILT_PRODUCTS_DIR; };
		9B40AAE0241A64D000E79A52 /* AppDelegate.swift */ = {isa = PBXFileReference; lastKnownFileType = sourcecode.swift; path = AppDelegate.swift; sourceTree = "<group>"; };
		9B40AAE2241A64D000E79A52 /* SceneDelegate.swift */ = {isa = PBXFileReference; lastKnownFileType = sourcecode.swift; path = SceneDelegate.swift; sourceTree = "<group>"; };
		9B40AAE7241A64D000E79A52 /* Base */ = {isa = PBXFileReference; lastKnownFileType = file.storyboard; name = Base; path = Base.lproj/Main.storyboard; sourceTree = "<group>"; };
		9B40AAE9241A64D200E79A52 /* Assets.xcassets */ = {isa = PBXFileReference; lastKnownFileType = folder.assetcatalog; path = Assets.xcassets; sourceTree = "<group>"; };
		9B40AAEC241A64D200E79A52 /* Base */ = {isa = PBXFileReference; lastKnownFileType = file.storyboard; name = Base; path = Base.lproj/LaunchScreen.storyboard; sourceTree = "<group>"; };
		9B40AAEE241A64D200E79A52 /* Info.plist */ = {isa = PBXFileReference; lastKnownFileType = text.plist.xml; path = Info.plist; sourceTree = "<group>"; };
		9B40AAF8241A8D6200E79A52 /* ViewController.swift */ = {isa = PBXFileReference; fileEncoding = 4; lastKnownFileType = sourcecode.swift; name = ViewController.swift; path = ../../../.Trash/ViewController.swift; sourceTree = "<group>"; };
		9B40AB02241A92DF00E79A52 /* download.png */ = {isa = PBXFileReference; lastKnownFileType = image.png; name = download.png; path = ../../../Downloads/download.png; sourceTree = "<group>"; };
/* End PBXFileReference section */

/* Begin PBXFrameworksBuildPhase section */
		9B40AADA241A64D000E79A52 /* Frameworks */ = {
			isa = PBXFrameworksBuildPhase;
			buildActionMask = 2147483647;
			files = (
			);
			runOnlyForDeploymentPostprocessing = 0;
		};
/* End PBXFrameworksBuildPhase section */

/* Begin PBXGroup section */
		9B40AAD4241A64D000E79A52 = {
			isa = PBXGroup;
			children = (
				9B40AADF241A64D000E79A52 /* touristplaces */,
				9B40AADE241A64D000E79A52 /* Products */,
			);
			sourceTree = "<group>";
		};
		9B40AADE241A64D000E79A52 /* Products */ = {
			isa = PBXGroup;
			children = (
				9B40AADD241A64D000E79A52 /* touristplaces.app */,
			);
			name = Products;
			sourceTree = "<group>";
		};
		9B40AADF241A64D000E79A52 /* touristplaces */ = {
			isa = PBXGroup;
			children = (
				9B40AAE0241A64D000E79A52 /* AppDelegate.swift */,
				9B40AAE2241A64D000E79A52 /* SceneDelegate.swift */,
				9B40AAE6241A64D000E79A52 /* Main.storyboard */,
				9B40AAE9241A64D200E79A52 /* Assets.xcassets */,
				9B40AAEB241A64D200E79A52 /* LaunchScreen.storyboard */,
				9B40AAEE241A64D200E79A52 /* Info.plist */,
				9B40AB02241A92DF00E79A52 /* download.png */,
				9B40AAF8241A8D6200E79A52 /* ViewController.swift */,
			);
			path = touristplaces;
			sourceTree = "<group>";
		};
/* End PBXGroup section */

/* Begin PBXNativeTarget section */
		9B40AADC241A64D000E79A52 /* touristplaces */ = {
			isa = PBXNativeTarget;
			buildConfigurationList = 9B40AAF1241A64D200E79A52 /* Build configuration list for PBXNativeTarget "touristplaces" */;
			buildPhases = (
				9B40AAD9241A64D000E79A52 /* Sources */,
				9B40AADA241A64D000E79A52 /* Frameworks */,
				9B40AADB241A64D000E79A52 /* Resources */,
			);
			buildRules = (
			);
			dependencies = (
			);
			name = touristplaces;
			productName = touristplaces;
			productReference = 9B40AADD241A64D000E79A52 /* touristplaces.app */;
			productType = "com.apple.product-type.application";
		};
/* End PBXNativeTarget section */

/* Begin PBXProject section */
		9B40AAD5241A64D000E79A52 /* Project object */ = {
			isa = PBXProject;
			attributes = {
				LastSwiftUpdateCheck = 1130;
				LastUpgradeCheck = 1130;
				ORGANIZATIONNAME = MacStudent;
				TargetAttributes = {
					9B40AADC241A64D000E79A52 = {
						CreatedOnToolsVersion = 11.3;
					};
				};
			};
			buildConfigurationList = 9B40AAD8241A64D000E79A52 /* Build configuration list for PBXProject "touristplaces" */;
			compatibilityVersion = "Xcode 9.3";
			developmentRegion = en;
			hasScannedForEncodings = 0;
			knownRegions = (
				en,
				Base,
			);
			mainGroup = 9B40AAD4241A64D000E79A52;
			productRefGroup = 9B40AADE241A64D000E79A52 /* Products */;
			projectDirPath = "";
			projectRoot = "";
			targets = (
				9B40AADC241A64D000E79A52 /* touristplaces */,
			);
		};
/* End PBXProject section */

/* Begin PBXResourcesBuildPhase section */
		9B40AADB241A64D000E79A52 /* Resources */ = {
			isa = PBXResourcesBuildPhase;
			buildActionMask = 2147483647;
			files = (
				9B40AAED241A64D200E79A52 /* LaunchScreen.storyboard in Resources */,
				9B40AAEA241A64D200E79A52 /* Assets.xcassets in Resources */,
				9B40AAE8241A64D000E79A52 /* Main.storyboard in Resources */,
				9B40AB03241A92DF00E79A52 /* download.png in Resources */,
			);
			runOnlyForDeploymentPostprocessing = 0;
		};
/* End PBXResourcesBuildPhase section */

/* Begin PBXSourcesBuildPhase section */
		9B40AAD9241A64D000E79A52 /* Sources */ = {
			isa = PBXSourcesBuildPhase;
			buildActionMask = 2147483647;
			files = (
				9B40AAF9241A8D6200E79A52 /* ViewController.swift in Sources */,
				9B40AAE1241A64D000E79A52 /* AppDelegate.swift in Sources */,
				9B40AAE3241A64D000E79A52 /* SceneDelegate.swift in Sources */,
			);
			runOnlyForDeploymentPostprocessing = 0;
		};
/* End PBXSourcesBuildPhase section */

/* Begin PBXVariantGroup section */
		9B40AAE6241A64D000E79A52 /* Main.storyboard */ = {
			isa = PBXVariantGroup;
			children = (
				9B40AAE7241A64D000E79A52 /* Base */,
			);
			name = Main.storyboard;
			sourceTree = "<group>";
		};
		9B40AAEB241A64D200E79A52 /* LaunchScreen.storyboard */ = {
			isa = PBXVariantGroup;
			children = (
				9B40AAEC241A64D200E79A52 /* Base */,
			);
			name = LaunchScreen.storyboard;
			sourceTree = "<group>";
		};
/* End PBXVariantGroup section */

/* Begin XCBuildConfiguration section */
		9B40AAEF241A64D200E79A52 /* Debug */ = {
			isa = XCBuildConfiguration;
			buildSettings = {
				ALWAYS_SEARCH_USER_PATHS = NO;
				CLANG_ANALYZER_NONNULL = YES;
				CLANG_ANALYZER_NUMBER_OBJECT_CONVERSION = YES_AGGRESSIVE;
				CLANG_CXX_LANGUAGE_STANDARD = "gnu++14";
				CLANG_CXX_LIBRARY = "libc++";
				CLANG_ENABLE_MODULES = YES;
				CLANG_ENABLE_OBJC_ARC = YES;
				CLANG_ENABLE_OBJC_WEAK = YES;
				CLANG_WARN_BLOCK_CAPTURE_AUTORELEASING = YES;
				CLANG_WARN_BOOL_CONVERSION = YES;
				CLANG_WARN_COMMA = YES;
				CLANG_WARN_CONSTANT_CONVERSION = YES;
				CLANG_WARN_DEPRECATED_OBJC_IMPLEMENTATIONS = YES;
				CLANG_WARN_DIRECT_OBJC_ISA_USAGE = YES_ERROR;
				CLANG_WARN_DOCUMENTATION_COMMENTS = YES;
				CLANG_WARN_EMPTY_BODY = YES;
				CLANG_WARN_ENUM_CONVERSION = YES;
				CLANG_WARN_INFINITE_RECURSION = YES;
				CLANG_WARN_INT_CONVERSION = YES;
				CLANG_WARN_NON_LITERAL_NULL_CONVERSION = YES;
				CLANG_WARN_OBJC_IMPLICIT_RETAIN_SELF = YES;
				CLANG_WARN_OBJC_LITERAL_CONVERSION = YES;
				CLANG_WARN_OBJC_ROOT_CLASS = YES_ERROR;
				CLANG_WARN_RANGE_LOOP_ANALYSIS = YES;
				CLANG_WARN_STRICT_PROTOTYPES = YES;
				CLANG_WARN_SUSPICIOUS_MOVE = YES;
				CLANG_WARN_UNGUARDED_AVAILABILITY = YES_AGGRESSIVE;
				CLANG_WARN_UNREACHABLE_CODE = YES;
				CLANG_WARN__DUPLICATE_METHOD_MATCH = YES;
				COPY_PHASE_STRIP = NO;
				DEBUG_INFORMATION_FORMAT = dwarf;
				ENABLE_STRICT_OBJC_MSGSEND = YES;
				ENABLE_TESTABILITY = YES;
				GCC_C_LANGUAGE_STANDARD = gnu11;
				GCC_DYNAMIC_NO_PIC = NO;
				GCC_NO_COMMON_BLOCKS = YES;
				GCC_OPTIMIZATION_LEVEL = 0;
				GCC_PREPROCESSOR_DEFINITIONS = (
					"DEBUG=1",
					"$(inherited)",
				);
				GCC_WARN_64_TO_32_BIT_CONVERSION = YES;
				GCC_WARN_ABOUT_RETURN_TYPE = YES_ERROR;
				GCC_WARN_UNDECLARED_SELECTOR = YES;
				GCC_WARN_UNINITIALIZED_AUTOS = YES_AGGRESSIVE;
				GCC_WARN_UNUSED_FUNCTION = YES;
				GCC_WARN_UNUSED_VARIABLE = YES;
				IPHONEOS_DEPLOYMENT_TARGET = 13.2;
				MTL_ENABLE_DEBUG_INFO = INCLUDE_SOURCE;
				MTL_FAST_MATH = YES;
				ONLY_ACTIVE_ARCH = YES;
				SDKROOT = iphoneos;
				SWIFT_ACTIVE_COMPILATION_CONDITIONS = DEBUG;
				SWIFT_OPTIMIZATION_LEVEL = "-Onone";
			};
			name = Debug;
		};
		9B40AAF0241A64D200E79A52 /* Release */ = {
			isa = XCBuildConfiguration;
			buildSettings = {
				ALWAYS_SEARCH_USER_PATHS = NO;
				CLANG_ANALYZER_NONNULL = YES;
				CLANG_ANALYZER_NUMBER_OBJECT_CONVERSION = YES_AGGRESSIVE;
				CLANG_CXX_LANGUAGE_STANDARD = "gnu++14";
				CLANG_CXX_LIBRARY = "libc++";
				CLANG_ENABLE_MODULES = YES;
				CLANG_ENABLE_OBJC_ARC = YES;
				CLANG_ENABLE_OBJC_WEAK = YES;
				CLANG_WARN_BLOCK_CAPTURE_AUTORELEASING = YES;
				CLANG_WARN_BOOL_CONVERSION = YES;
				CLANG_WARN_COMMA = YES;
				CLANG_WARN_CONSTANT_CONVERSION = YES;
				CLANG_WARN_DEPRECATED_OBJC_IMPLEMENTATIONS = YES;
				CLANG_WARN_DIRECT_OBJC_ISA_USAGE = YES_ERROR;
				CLANG_WARN_DOCUMENTATION_COMMENTS = YES;
				CLANG_WARN_EMPTY_BODY = YES;
				CLANG_WARN_ENUM_CONVERSION = YES;
				CLANG_WARN_INFINITE_RECURSION = YES;
				CLANG_WARN_INT_CONVERSION = YES;
				CLANG_WARN_NON_LITERAL_NULL_CONVERSION = YES;
				CLANG_WARN_OBJC_IMPLICIT_RETAIN_SELF = YES;
				CLANG_WARN_OBJC_LITERAL_CONVERSION = YES;
				CLANG_WARN_OBJC_ROOT_CLASS = YES_ERROR;
				CLANG_WARN_RANGE_LOOP_ANALYSIS = YES;
				CLANG_WARN_STRICT_PROTOTYPES = YES;
				CLANG_WARN_SUSPICIOUS_MOVE = YES;
				CLANG_WARN_UNGUARDED_AVAILABILITY = YES_AGGRESSIVE;
				CLANG_WARN_UNREACHABLE_CODE = YES;
				CLANG_WARN__DUPLICATE_METHOD_MATCH = YES;
				COPY_PHASE_STRIP = NO;
				DEBUG_INFORMATION_FORMAT = "dwarf-with-dsym";
				ENABLE_NS_ASSERTIONS = NO;
				ENABLE_STRICT_OBJC_MSGSEND = YES;
				GCC_C_LANGUAGE_STANDARD = gnu11;
				GCC_NO_COMMON_BLOCKS = YES;
				GCC_WARN_64_TO_32_BIT_CONVERSION = YES;
				GCC_WARN_ABOUT_RETURN_TYPE = YES_ERROR;
				GCC_WARN_UNDECLARED_SELECTOR = YES;
				GCC_WARN_UNINITIALIZED_AUTOS = YES_AGGRESSIVE;
				GCC_WARN_UNUSED_FUNCTION = YES;
				GCC_WARN_UNUSED_VARIABLE = YES;
				IPHONEOS_DEPLOYMENT_TARGET = 13.2;
				MTL_ENABLE_DEBUG_INFO = NO;
				MTL_FAST_MATH = YES;
				SDKROOT = iphoneos;
				SWIFT_COMPILATION_MODE = wholemodule;
				SWIFT_OPTIMIZATION_LEVEL = "-O";
				VALIDATE_PRODUCT = YES;
			};
			name = Release;
		};
		9B40AAF2241A64D200E79A52 /* Debug */ = {
			isa = XCBuildConfiguration;
			buildSettings = {
				ASSETCATALOG_COMPILER_APPICON_NAME = AppIcon;
				CODE_SIGN_STYLE = Automatic;
				INFOPLIST_FILE = touristplaces/Info.plist;
				LD_RUNPATH_SEARCH_PATHS = (
					"$(inherited)",
					"@executable_path/Frameworks",
				);
				PRODUCT_BUNDLE_IDENTIFIER = CestarCollege.touristplaces;
				PRODUCT_NAME = "$(TARGET_NAME)";
				SWIFT_VERSION = 5.0;
				TARGETED_DEVICE_FAMILY = "1,2";
			};
			name = Debug;
		};
		9B40AAF3241A64D200E79A52 /* Release */ = {
			isa = XCBuildConfiguration;
			buildSettings = {
				ASSETCATALOG_COMPILER_APPICON_NAME = AppIcon;
				CODE_SIGN_STYLE = Automatic;
				INFOPLIST_FILE = touristplaces/Info.plist;
				LD_RUNPATH_SEARCH_PATHS = (
					"$(inherited)",
					"@executable_path/Frameworks",
				);
				PRODUCT_BUNDLE_IDENTIFIER = CestarCollege.touristplaces;
				PRODUCT_NAME = "$(TARGET_NAME)";
				SWIFT_VERSION = 5.0;
				TARGETED_DEVICE_FAMILY = "1,2";
			};
			name = Release;
		};
/* End XCBuildConfiguration section */

/* Begin XCConfigurationList section */
		9B40AAD8241A64D000E79A52 /* Build configuration list for PBXProject "touristplaces" */ = {
			isa = XCConfigurationList;
			buildConfigurations = (
				9B40AAEF241A64D200E79A52 /* Debug */,
				9B40AAF0241A64D200E79A52 /* Release */,
			);
			defaultConfigurationIsVisible = 0;
			defaultConfigurationName = Release;
		};
		9B40AAF1241A64D200E79A52 /* Build configuration list for PBXNativeTarget "touristplaces" */ = {
			isa = XCConfigurationList;
			buildConfigurations = (
				9B40AAF2241A64D200E79A52 /* Debug */,
				9B40AAF3241A64D200E79A52 /* Release */,
			);
			defaultConfigurationIsVisible = 0;
			defaultConfigurationName = Release;
		};
/* End XCConfigurationList section */
	};
	rootObject = 9B40AAD5241A64D000E79A52 /* Project object */;
}
